{
  "mods": [
    {
      "filename": "fabric-api-0.96.11+1.20.4.jar",
      "file": {
        "url": "https://cdn.modrinth.com/data/P7dR8mSH/versions/htRy7kbI/fabric-api-0.96.11%2B1.20.4.jar",
        "sha512": "3a46d5f67d2863f4d7a28e2e7588d08a26318dea1fef6d968816d6134bce91f2b21c7012ed5988a72e45a16db57a90dcfec5f021b2004ce9a75cb9f953f30c64"
      }
    },
    {
      "filename": "sodium-fabric-0.5.8+mc1.20.4.jar",
      "file": {
        "url": "https://cdn.modrinth.com/data/AANobbMI/versions/4GyXKCLd/sodium-fabric-0.5.8%2Bmc1.20.4.jar",
        "sha512": "bd00b956bde1205171e744a6a3780e835fb6928eb667fb2b56467818c979fb1e8c82561380a71a7dbfa1516cd4b6cf9087ca99f1ae066da6d65af2c828b8d554"
      }
    },
    {
      "filename": "reeses_sodium_options-1.7.2+mc1.20.4-build.102.jar",
      "file": {
        "url": "https://cdn.modrinth.com/data/Bh37bMuy/versions/fkLiGoHs/reeses_sodium_options-1.7.2%2Bmc1.20.4-build.102.jar",
        "sha512": "6b890d098ed7168714a35452ad30b0bb41f4539874e651717daa69e65f916667ff59c6dd1ecf4d49b9b406b0bf97c675d94dea5091eb44f0417b448ff5ac0948"
      }
    },
    {
      "filename": "sodium-extra-0.5.4+mc1.20.4-build.116.jar",
      "file": {
        "url": "https://cdn.modrinth.com/data/PtjYWJkn/versions/M0ndiav7/sodium-extra-0.5.4%2Bmc1.20.4-build.116.jar",
        "sha512": "6db6380831823af00e9646969276a10ba8a82c78df3318af5b562e5c9975e4af7e463f689ef6182a75b52d56591cc0dc9bdfbaaf78c92bc5b415e06ca65fda90"
      }
    },
    {
      "filename": "lithium-fabric-mc1.20.4-0.12.1.jar",
      "file": {
        "url": "https://cdn.modrinth.com/data/gvQqBUqZ/versions/nMhjKWVE/lithium-fabric-mc1.20.4-0.12.1.jar",
        "sha512": "70bea154eaafb2e4b5cb755cdb12c55d50f9296ab4c2855399da548f72d6d24c0a9f77e3da2b2ea5f47fa91d1258df4d08c6c6f24a25da887ed71cea93502508"
      }
    },
    {
      "filename": "indium-1.0.30+mc1.20.4.jar",
      "file": {
        "url": "https://cdn.modrinth.com/data/Orvt0mRa/versions/Aouse6P7/indium-1.0.30%2Bmc1.20.4.jar",
        "sha512": "3b9c9beef42f72bc75094595c92038c38e36fcde75890c73ced01aed4fb2a8a85cddb8edd2aa91ea6ed2dd41f8afedaa3dbca8f70c716197a7f2ee5b26060562"
      }
    },
    {
      "filename": "iris-mc1.20.4-1.6.17.jar",
      "file": {
        "url": "https://cdn.modrinth.com/data/YL57xq9U/versions/kGdJ11Rt/iris-mc1.20.4-1.6.17.jar",
        "sha512": "2a9b725a720296b23666e7443ed23c37172ece3f0678457fb8b204a287cbe1d03726ddcfb20f3fbc2bd5e6cd8d1d74e80817b374b93db0c95537859b4e1b3ad1"
      }
    },
    {
      "filename": "starlight-1.1.3+fabric.f5dcd1a.jar",
      "file": {
        "url": "https://cdn.modrinth.com/data/H8CaAYZC/versions/HZYU0kdg/starlight-1.1.3%2Bfabric.f5dcd1a.jar",
        "sha512": "6bc9e4582f6e28dada721cd5a3eea5b817e3445883a3717c1927c558ee991dc327239c62afd4ce9215fa7735c3afa6e870f287826dc4c2d773a524903a7b8fb4"
      }
    },
    {
      "filename": "entityculling-fabric-1.6.4-mc1.20.4.jar",
      "file": {
        "url": "https://cdn.modrinth.com/data/NNAgCjsB/versions/7JR5qJ8f/entityculling-fabric-1.6.4-mc1.20.4.jar",
        "sha512": "2506bfffb1c6335889d7f33ea8018d7100fbaf5f983b95747894d58d7ef7ed0b4b77ef4f74824b5d798a87cc6acfbc6538dd5fef265625302e159056644b5a00"
      }
    },
    {
      "filename": "lazydfu-0.1.3.jar",
      "file": {
        "url": "https://cdn.modrinth.com/data/hvFnDODi/versions/0.1.3/lazydfu-0.1.3.jar",
        "sha512": "dc3766352c645f6da92b13000dffa80584ee58093c925c2154eb3c125a2b2f9a3af298202e2658b039c6ee41e81ca9a2e9d4b942561f7085239dd4421e0cce0a"
      }
    },
    {
      "filename": "ferritecore-6.0.3-fabric.jar",
      "file": {
        "url": "https://cdn.modrinth.com/data/uXXizFIs/versions/pguEMpy9/ferritecore-6.0.3-fabric.jar",
        "sha512": "709ab6362dd1dcc432edd1e6c33aafba6f2d12be701bc14911107340f8ac2466779c4e57d8a303f0350c46478f23008e6eeca78e4eadedd0bdee63d4ae72ed9a"
      }
    },
    {
      "filename": "modmenu-9.0.0.jar",
      "file": {
        "url": "https://cdn.modrinth.com/data/mOgUt4GM/versions/sjtVVlsA/modmenu-9.0.0.jar",
        "sha512": "62ae3152d6dfd2745b95a6572f085bf8deb708d183a4234e6f72ae7b07f05a787454d4f289cee96d4e0f7efab026ed6073659d1aebb87530abeb7ddcfc0fe40b"
      }
    },
    {
      "filename": "LuckPerms-Fabric-5.4.113.jar",
      "file": {
        "url": "https://cdn.modrinth.com/data/Vebnzrzj/versions/42RCP8I8/LuckPerms-Fabric-5.4.113.jar",
        "sha512": "08a99ca6c7bf0e99d75db5cf085c0cb0bd5146b1b99ab0aef400bae6c7074a1aedf70edb2f7b1a1a065d8d689c1f58d7e100a11ba81022ea66d65e4f84dea250"
      }
    },
    {
      "filename": "essential_commands-0.35.0-mc1.20.4.jar",
      "file": {
        "url": "https://cdn.modrinth.com/data/6VdDUivB/versions/GYFhjn7a/essential_commands-0.35.0-mc1.20.4.jar",
        "sha512": "69c05f31de1af946f8529a918ec11bb54ffd16bab76a0f1f61245e87fbaf1ea4252142fbf5d78f93f95d28fb274d0284b237855cf5cd0529279d44e812af9564"
      }
    },
    {
      "filename": "wthit-fabric-10.5.0.jar",
      "file": {
        "url": "https://cdn.modrinth.com/data/6AQIaxuO/versions/wCL6loGa/wthit-fabric-10.5.0.jar",
        "sha512": "25538812893007769a3c24485df4064ed6f41af70e329069554f57b1b495b76d81024227ee3fa2aa9186f55b7b2a980dff892bec86e3ed1de62685ff01a76674"
      }
    },
    {
      "filename": "badpackets-fabric-0.6.1.jar",
      "file": {
        "url": "https://cdn.modrinth.com/data/ftdbN0KK/versions/riqsK6Al/badpackets-fabric-0.6.1.jar",
        "sha512": "380ef40e1719b8e083f9b3f59137d115cc4ee90eed2336b9303300bebd312dfeff96e517e79bc7cf2b35d055c8455f306b9973807a092527df000c3bb84e2330"
      }
    },
    {
      "filename": "mousewheelie-1.13.3+mc1.20.4.jar",
      "file": {
        "url": "https://cdn.modrinth.com/data/u5Ic2U1u/versions/73ivfwq5/mousewheelie-1.13.3%2Bmc1.20.4.jar",
        "sha512": "36608d7b961856a7840d64568e0e9f3edef97870f403658f810de0850ef0043da7768b249dc0d7366fc35eba504bfaf1a5e99486922865687c95c4e968ac3f76"
      }
    },
    {
      "filename": "fabric-language-kotlin-1.10.19+kotlin.1.9.23.jar",
      "file": {
        "url": "https://cdn.modrinth.com/data/Ha28R6CL/versions/ZMokinzs/fabric-language-kotlin-1.10.19%2Bkotlin.1.9.23.jar",
        "sha512": "0c31443b5061d85787de452d1dc0196a0e3391146aa5f030ef5fa95558b0f2b2bb9a0613fc0e5621e9d796d06e717fef0d0c98046f4ead04d150e0eb2d19abdc"
      }
    },
    {
      "filename": "RoughlyEnoughItems-14.0.688-fabric.jar",
      "file": {
        "url": "https://cdn.modrinth.com/data/nfn13YXA/versions/Jhw0fDTs/RoughlyEnoughItems-14.0.688-fabric.jar",
        "sha512": "2e60506456edf6639efc841131d81a792872c528d573562042007966a25acbebdde7ef1f8ecfadd69f5d75b0233efa1f97c3ba9f3c95bd9286bd156a45a16d88"
      }
    },
    {
      "filename": "cloth-config-13.0.121-fabric.jar",
      "file": {
        "url": "https://cdn.modrinth.com/data/9s6osm5g/versions/eBZiZ9NS/cloth-config-13.0.121-fabric.jar",
        "sha512": "05a389ce4383c7b202e6aa7b37f39da01b6ee1f5b22dad076d528891b5ef8bcae335b2d7930b33b753ad34f1a61bae52f3447f74a4df6739239344674b59b0c5"
      }
    },
    {
      "filename": "architectury-11.1.17-fabric.jar",
      "file": {
        "url": "https://cdn.modrinth.com/data/lhGA9TYQ/versions/kVjQWX0l/architectury-11.1.17-fabric.jar",
        "sha512": "294112b2db8b5cef2051fede57dfacfb00cc7fce737cbf7db3c2de8b81f0cd17bd29a3e2849c3e05bd9e801fbfa3d14e5a83b6531b3d37e5d7c650cff4714362"
      }
    },
    {
      "filename": "Chunky-1.3.138.jar",
      "file": {
        "url": "https://cdn.modrinth.com/data/fALzjamp/versions/iwsbfPGg/Chunky-1.3.138.jar",
        "sha512": "872c9b60381ec9ee7ebd78f31977220cf23a5fda6b9d902e36480024352640993146a389a0052e371ff31b52e80ae4bcf6da27f6af011a88fd1f0b3bd8d6a668"
      }
    },
    {
      "filename": "Xaeros_Minimap_24.0.3_Fabric_1.20.4.jar",
      "file": {
        "url": "https://cdn.modrinth.com/data/1bokaNcj/versions/N5jBKzC0/Xaeros_Minimap_24.0.3_Fabric_1.20.4.jar",
        "sha512": "cbb308f95dd2df2c696fc64f218a835cdd835152029a48845ffaa3f3d2bf060ea7c91ab933b2cd1346ae56ad95e38feb75eaace361b332bcd6167ba922bf717a"
      }
    },
    {
      "filename": "XaerosWorldMap_1.38.1_Fabric_1.20.4.jar",
      "file": {
        "url": "https://cdn.modrinth.com/data/NcUtCpym/versions/2lbtkEPK/XaerosWorldMap_1.38.1_Fabric_1.20.4.jar",
        "sha512": "4bb308533ac388cd0ad99554c048b187c740c44ec736927aff40c98816672adbfa1ed32fb9dc66ee3d6c0d82163b0c1f6bf5d24147e550015a45a973c3397334"
      }
    },
    {
      "filename": "worldedit-mod-7.3.0.jar",
      "file": {
        "url": "https://cdn.modrinth.com/data/1u6JkXh5/versions/ZOhVauWn/worldedit-mod-7.3.0.jar",
        "sha512": "0b58ba7d59cb01b7e594da28bbcf6f97624549bb427a3e8c64108f21b49892c6732c068604cabba6ee5aa4ebaf317f94219a4108a37d74c0de2a114e4e0a5812"
      }
    },
    {
      "filename": "Clumps-fabric-1.20.4-15.0.0.2.jar",
      "file": {
        "url": "https://cdn.modrinth.com/data/Wnxd13zP/versions/jdeTwq6v/Clumps-fabric-1.20.4-15.0.0.2.jar",
        "sha512": "549ad34deaf06a90313725a2cea5af9157354b82b43941655ff8f915eebee0b81533eaaf5016b808471537870f8c16e5c36dab7c4e64ad166943774c6388579f"
      }
    },
    {
      "filename": "Dynmap-3.7-beta-4-fabric-1.20.4.jar",
      "file": {
        "url": "https://cdn.modrinth.com/data/fRQREgAc/versions/fOe507oy/Dynmap-3.7-beta-4-fabric-1.20.4.jar",
        "sha512": "5cbe3fb554d06d60541e5a87b266d2f7bd01257b3cc24fe518a23a5dbfb1af84adb27d2886eefddbfce0a1f8f5c1c42b95bd1449443d4734389031a46e5cd14b"
      }
    }
  ]
}