{
  "mods": [
    {
      "filename": "fabric-api-0.95.1+1.20.4.jar",
      "file": {
        "url": "https://cdn.modrinth.com/data/P7dR8mSH/versions/TvatZFJI/fabric-api-0.95.1%2B1.20.4.jar",
        "sha512": "1acafbb636cf03eb7cd25e52c7e80304fc8d72dc6bbc337c4f1d68c79cefe433446c1c0bd0709d5b59a39a73eb871dda900366acde68f8d27d98318f467553ca"
      }
    },
    {
      "filename": "sodium-fabric-0.5.8+mc1.20.4.jar",
      "file": {
        "url": "https://cdn.modrinth.com/data/AANobbMI/versions/4GyXKCLd/sodium-fabric-0.5.8%2Bmc1.20.4.jar",
        "sha512": "bd00b956bde1205171e744a6a3780e835fb6928eb667fb2b56467818c979fb1e8c82561380a71a7dbfa1516cd4b6cf9087ca99f1ae066da6d65af2c828b8d554"
      }
    },
    {
      "filename": "reeses_sodium_options-1.7.1+mc1.20.4-build.100.jar",
      "file": {
        "url": "https://cdn.modrinth.com/data/Bh37bMuy/versions/Iukh1sNN/reeses_sodium_options-1.7.1%2Bmc1.20.4-build.100.jar",
        "sha512": "251c68efb573bf6c8f49acd42ebe82862e76ab9da39446833d3604e4d38783c47f29057f994856e668e06dbed27e47c6df215641ad354ffb960d852485e8e281"
      }
    },
    {
      "filename": "sodium-extra-0.5.4+mc1.20.4-build.116.jar",
      "file": {
        "url": "https://cdn.modrinth.com/data/PtjYWJkn/versions/M0ndiav7/sodium-extra-0.5.4%2Bmc1.20.4-build.116.jar",
        "sha512": "6db6380831823af00e9646969276a10ba8a82c78df3318af5b562e5c9975e4af7e463f689ef6182a75b52d56591cc0dc9bdfbaaf78c92bc5b415e06ca65fda90"
      }
    },
    {
      "filename": "lithium-fabric-mc1.20.4-0.12.1.jar",
      "file": {
        "url": "https://cdn.modrinth.com/data/gvQqBUqZ/versions/nMhjKWVE/lithium-fabric-mc1.20.4-0.12.1.jar",
        "sha512": "70bea154eaafb2e4b5cb755cdb12c55d50f9296ab4c2855399da548f72d6d24c0a9f77e3da2b2ea5f47fa91d1258df4d08c6c6f24a25da887ed71cea93502508"
      }
    },
    {
      "filename": "indium-1.0.28+mc1.20.4.jar",
      "file": {
        "url": "https://cdn.modrinth.com/data/Orvt0mRa/versions/tD2IqHXC/indium-1.0.28%2Bmc1.20.4.jar",
        "sha512": "cdd8395b5c91fac0a4f3d6d7b94dee44dc6b585e86dbc8dce47945b1a5738fdb0b6a571a28ba47ef06a451b2fe45a28dffe6d55a7212d3dd38c73b2c4fd56231"
      }
    },
    {
      "filename": "iris-mc1.20.4-1.6.15.jar",
      "file": {
        "url": "https://cdn.modrinth.com/data/YL57xq9U/versions/dtaGVXSk/iris-mc1.20.4-1.6.15.jar",
        "sha512": "b828d50c6865cb1dcae52e3df2b82f9005d06ffd88f09f7ab690e20b0e1400b6f12ff14a437e0df36f2d147451cdc0e824ca85f0df9efeff0a3e9425f2eae5e7"
      }
    },
    {
      "filename": "starlight-1.1.3+fabric.f5dcd1a.jar",
      "file": {
        "url": "https://cdn.modrinth.com/data/H8CaAYZC/versions/HZYU0kdg/starlight-1.1.3%2Bfabric.f5dcd1a.jar",
        "sha512": "6bc9e4582f6e28dada721cd5a3eea5b817e3445883a3717c1927c558ee991dc327239c62afd4ce9215fa7735c3afa6e870f287826dc4c2d773a524903a7b8fb4"
      }
    },
    {
      "filename": "entityculling-fabric-1.6.3.1-mc1.20.4.jar",
      "file": {
        "url": "https://cdn.modrinth.com/data/NNAgCjsB/versions/HSirwtwV/entityculling-fabric-1.6.3.1-mc1.20.4.jar",
        "sha512": "39cead9d742acbf031375323a0418d82fd6d5957f69e29a1ddfa493b9d932e2d824b13c46c8882417249d3407f145909ef4923514335d7e89af15c73946c7c20"
      }
    },
    {
      "filename": "lazydfu-0.1.3.jar",
      "file": {
        "url": "https://cdn.modrinth.com/data/hvFnDODi/versions/0.1.3/lazydfu-0.1.3.jar",
        "sha512": "dc3766352c645f6da92b13000dffa80584ee58093c925c2154eb3c125a2b2f9a3af298202e2658b039c6ee41e81ca9a2e9d4b942561f7085239dd4421e0cce0a"
      }
    },
    {
      "filename": "ferritecore-6.0.3-fabric.jar",
      "file": {
        "url": "https://cdn.modrinth.com/data/uXXizFIs/versions/pguEMpy9/ferritecore-6.0.3-fabric.jar",
        "sha512": "709ab6362dd1dcc432edd1e6c33aafba6f2d12be701bc14911107340f8ac2466779c4e57d8a303f0350c46478f23008e6eeca78e4eadedd0bdee63d4ae72ed9a"
      }
    },
    {
      "filename": "modmenu-9.0.0.jar",
      "file": {
        "url": "https://cdn.modrinth.com/data/mOgUt4GM/versions/sjtVVlsA/modmenu-9.0.0.jar",
        "sha512": "62ae3152d6dfd2745b95a6572f085bf8deb708d183a4234e6f72ae7b07f05a787454d4f289cee96d4e0f7efab026ed6073659d1aebb87530abeb7ddcfc0fe40b"
      }
    },
    {
      "filename": "LuckPerms-Fabric-5.4.113.jar",
      "file": {
        "url": "https://cdn.modrinth.com/data/Vebnzrzj/versions/42RCP8I8/LuckPerms-Fabric-5.4.113.jar",
        "sha512": "08a99ca6c7bf0e99d75db5cf085c0cb0bd5146b1b99ab0aef400bae6c7074a1aedf70edb2f7b1a1a065d8d689c1f58d7e100a11ba81022ea66d65e4f84dea250"
      }
    },
    {
      "filename": "essential_commands-0.35.0-mc1.20.4.jar",
      "file": {
        "url": "https://cdn.modrinth.com/data/6VdDUivB/versions/GYFhjn7a/essential_commands-0.35.0-mc1.20.4.jar",
        "sha512": "69c05f31de1af946f8529a918ec11bb54ffd16bab76a0f1f61245e87fbaf1ea4252142fbf5d78f93f95d28fb274d0284b237855cf5cd0529279d44e812af9564"
      }
    },
    {
      "filename": "wthit-fabric-10.2.0.jar",
      "file": {
        "url": "https://cdn.modrinth.com/data/6AQIaxuO/versions/7TdCsiO4/wthit-fabric-10.2.0.jar",
        "sha512": "c4b2d0cebaa5ae00976f9577db5876daa2d9566fcbea625c0c65c3f784b8a908659c1928ccda2e28b4a8d5d04969d1d3b3d20a4af66d6066f968b636ffa6ae3c"
      }
    },
    {
      "filename": "badpackets-fabric-0.6.0.jar",
      "file": {
        "url": "https://cdn.modrinth.com/data/ftdbN0KK/versions/M5H8gKAX/badpackets-fabric-0.6.0.jar",
        "sha512": "6eb0f3c7350c321d101a196cfb2a33cf037fac30a72cd9b99bc05c4bfcb785e40bbdadaac5c3c8715b16787671858cbac38ec5df9f4132b6a2fba6053a6cc4ae"
      }
    },
    {
      "filename": "mousewheelie-1.13.3+mc1.20.4.jar",
      "file": {
        "url": "https://cdn.modrinth.com/data/u5Ic2U1u/versions/73ivfwq5/mousewheelie-1.13.3%2Bmc1.20.4.jar",
        "sha512": "36608d7b961856a7840d64568e0e9f3edef97870f403658f810de0850ef0043da7768b249dc0d7366fc35eba504bfaf1a5e99486922865687c95c4e968ac3f76"
      }
    },
    {
      "filename": "fabric-language-kotlin-1.10.17+kotlin.1.9.22.jar",
      "file": {
        "url": "https://cdn.modrinth.com/data/Ha28R6CL/versions/JjrWZ7m8/fabric-language-kotlin-1.10.17%2Bkotlin.1.9.22.jar",
        "sha512": "764a95b0c0c9020adf44e378afff6ca2b241f5e44e8e4fc05ad7878a6d242208b48ffb523be12d82d63b2fbd706cc82468645e947a0d52229b44f50191b1b533"
      }
    },
    {
      "filename": "RoughlyEnoughItems-14.0.688-fabric.jar",
      "file": {
        "url": "https://cdn.modrinth.com/data/nfn13YXA/versions/Jhw0fDTs/RoughlyEnoughItems-14.0.688-fabric.jar",
        "sha512": "2e60506456edf6639efc841131d81a792872c528d573562042007966a25acbebdde7ef1f8ecfadd69f5d75b0233efa1f97c3ba9f3c95bd9286bd156a45a16d88"
      }
    },
    {
      "filename": "cloth-config-13.0.121-fabric.jar",
      "file": {
        "url": "https://cdn.modrinth.com/data/9s6osm5g/versions/eBZiZ9NS/cloth-config-13.0.121-fabric.jar",
        "sha512": "05a389ce4383c7b202e6aa7b37f39da01b6ee1f5b22dad076d528891b5ef8bcae335b2d7930b33b753ad34f1a61bae52f3447f74a4df6739239344674b59b0c5"
      }
    },
    {
      "filename": "architectury-11.0.11-fabric.jar",
      "file": {
        "url": "https://cdn.modrinth.com/data/lhGA9TYQ/versions/7a4IcC0B/architectury-11.0.11-fabric.jar",
        "sha512": "44606a685bc5e7c7d8c054cc95a57b1f427f43396ee8fb253066718ac4a0be9e594b8eaf7d4889e71b5e82a395d09cbf463308ec8af2114deb281b4ca989f1b2"
      }
    },
    {
      "filename": "Chunky-1.3.92.jar",
      "file": {
        "url": "https://cdn.modrinth.com/data/fALzjamp/versions/t8SbUchF/Chunky-1.3.92.jar",
        "sha512": "25fc408d1604d0d9dfe61db0a79cd482085c79d9fbd426608836e30a838f947aa6c25da828a932f8f0c4bb0d5ad7e34bf5f3e93e77281df06c2e3576b232089a"
      }
    },
    {
      "filename": "Xaeros_Minimap_23.9.7_Fabric_1.20.4.jar",
      "file": {
        "url": "https://cdn.modrinth.com/data/1bokaNcj/versions/LLE04weG/Xaeros_Minimap_23.9.7_Fabric_1.20.4.jar",
        "sha512": "b2fdaf6154d1258467c8c5d5eb6d6b26f30ce63dadeca8ad3f0c5a440eff39f8b5462826506b65fded91e83f8f082f5c7d1866fc3dd31072de56347ab01cf46c"
      }
    },
    {
      "filename": "XaerosWorldMap_1.37.8_Fabric_1.20.4.jar",
      "file": {
        "url": "https://cdn.modrinth.com/data/NcUtCpym/versions/Kh1mGgGA/XaerosWorldMap_1.37.8_Fabric_1.20.4.jar",
        "sha512": "1400cac0423ce06f4c95e3c2d098db4b76f7591a469081689e91a2818a0bbbc4c8c393f5e13716d943f48d8180657532d5fcd88e53c174cf14e44d0dc10cf0f1"
      }
    },
    {
      "filename": "worldedit-mod-7.2.18-dist.jar",
      "file": {
        "url": "https://cdn.modrinth.com/data/1u6JkXh5/versions/ssjKpdGo/worldedit-mod-7.2.18-dist.jar",
        "sha512": "a076630b1c563745003aa47138b2015d30499227513933fc9676e5b5b05fe1b75b475734a53e45a8eeaafe74a84d5576c5ffafd53162c2e6baa93ea31d639ef2"
      }
    },
    {
      "filename": "Clumps-fabric-1.20.4-15.0.0.2.jar",
      "file": {
        "url": "https://cdn.modrinth.com/data/Wnxd13zP/versions/jdeTwq6v/Clumps-fabric-1.20.4-15.0.0.2.jar",
        "sha512": "549ad34deaf06a90313725a2cea5af9157354b82b43941655ff8f915eebee0b81533eaaf5016b808471537870f8c16e5c36dab7c4e64ad166943774c6388579f"
      }
    },
    {
      "filename": "Dynmap-3.7-beta-4-fabric-1.20.4.jar",
      "file": {
        "url": "https://cdn.modrinth.com/data/fRQREgAc/versions/fOe507oy/Dynmap-3.7-beta-4-fabric-1.20.4.jar",
        "sha512": "5cbe3fb554d06d60541e5a87b266d2f7bd01257b3cc24fe518a23a5dbfb1af84adb27d2886eefddbfce0a1f8f5c1c42b95bd1449443d4734389031a46e5cd14b"
      }
    }
  ]
}