{
  "mods": [
    {
      "filename": "fabric-api-0.87.2+1.19.4.jar",
      "file": {
        "url": "https://cdn.modrinth.com/data/P7dR8mSH/versions/nyAmoHlr/fabric-api-0.87.2%2B1.19.4.jar",
        "sha512": "d839c678699130db605ac580484b5193c302dfa1ed91014c138cb1354874cef0d16580c7c11bedece3cf8a027ddbb4755d4924f6045970a6af608ff0fed898eb"
      }
    },
    {
      "filename": "sodium-fabric-mc1.19.4-0.4.10+build.24.jar",
      "file": {
        "url": "https://cdn.modrinth.com/data/AANobbMI/versions/b4hTi3mo/sodium-fabric-mc1.19.4-0.4.10%2Bbuild.24.jar",
        "sha512": "61562626870aa4067657d2687d1fce80fb7d62af32fd68a22708e24ee5b84b39d16b26ccf4db8f53f2da42ba1916d6a5e11efc476cb5c2a8644207659fd5dfef"
      }
    },
    {
      "filename": "reeses_sodium_options-1.6.3+mc1.19.4-build.90.jar",
      "file": {
        "url": "https://cdn.modrinth.com/data/Bh37bMuy/versions/vjKE54Zq/reeses_sodium_options-1.6.3%2Bmc1.19.4-build.90.jar",
        "sha512": "f263a7caeb5918448cd6762195d61015d3ff000482630d306db169fc0aa59d500253f8be9fb4ad55d434850b12f8182f8b00339b9fd05061b47b8b1d84020e9c"
      }
    },
    {
      "filename": "sodium-extra-0.4.18+mc1.19.4-build.100.jar",
      "file": {
        "url": "https://cdn.modrinth.com/data/PtjYWJkn/versions/YknbqkHe/sodium-extra-0.4.18%2Bmc1.19.4-build.100.jar",
        "sha512": "20a4b8aaae0462a408c3222bf41c14d44cee116e4037d8161f7c17e6329b558765f8c6732e0b97abb0273f4be1fb98685f9fa35b2d6dfb7a138ed7d17dfac331"
      }
    },
    {
      "filename": "lithium-fabric-mc1.19.4-0.11.1.jar",
      "file": {
        "url": "https://cdn.modrinth.com/data/gvQqBUqZ/versions/14hWYkog/lithium-fabric-mc1.19.4-0.11.1.jar",
        "sha512": "f2bd271e30e5ed9f097d592db5e859208a1c6abe727dc51f83879b837c843b4f6453e99f1ca8d5225f896233ab8f7dbbb3300f10396d2a1cd2957937acfd1aa7"
      }
    },
    {
      "filename": "indium-1.0.19+mc1.19.4.jar",
      "file": {
        "url": "https://cdn.modrinth.com/data/Orvt0mRa/versions/oYQsfz9e/indium-1.0.19%2Bmc1.19.4.jar",
        "sha512": "676e217ba05ff49c3e8d5d801f7c157b5b988eb21a44694d5c72a279dcdfe30933f57639a66d9f49b9b10c26edb288e8aa212ba27d4bd9abe0212c52b2e9b193"
      }
    },
    {
      "filename": "iris-mc1.19.4-1.6.11.jar",
      "file": {
        "url": "https://cdn.modrinth.com/data/YL57xq9U/versions/wN6PuLPa/iris-mc1.19.4-1.6.11.jar",
        "sha512": "21ccce28b7db38abc8cd04ff34b0f039dd2091a484327c5d131b4c0ae42af04ece749f39bdb042e272fc69d5cce99ba8336291410f4aac2d460b51ae133588e1"
      }
    },
    {
      "filename": "starlight-1.1.1+fabric.ae22326.jar",
      "file": {
        "url": "https://cdn.modrinth.com/data/H8CaAYZC/versions/1.1.1%2B1.19/starlight-1.1.1%2Bfabric.ae22326.jar",
        "sha512": "68f81298c35eaaef9ad5999033b8caf886f3c583ae1edc25793bdd8c2cbf5dce6549aa8d969c55796bd8b0d411ea8df2cd0aaeb9f43adf0691776f97cebe1f9f"
      }
    },
    {
      "filename": "entityculling-fabric-1.6.2-mc1.19.4.jar",
      "file": {
        "url": "https://cdn.modrinth.com/data/NNAgCjsB/versions/UvJN5Cy4/entityculling-fabric-1.6.2-mc1.19.4.jar",
        "sha512": "99fcfe1be5be7abd8f1f86c305a8b0fca9a5f5fa3f486306b804cb694ce6d0fe5a5b2465ae2b913dd720600d9c64cec3734541c7dd4b7c320dc7a3c9035c5cc1"
      }
    },
    {
      "filename": "ferritecore-5.2.0-fabric.jar",
      "file": {
        "url": "https://cdn.modrinth.com/data/uXXizFIs/versions/RbR7EG8T/ferritecore-5.2.0-fabric.jar",
        "sha512": "56a4ac2ed002260ee451fa9d33169ddcd01473bf46eee97061666b13fa386cd23e15238a72729e55f32d81cce8ae049c80caabf1947ba998258282226289be0c"
      }
    },
    {
      "filename": "modmenu-6.3.1.jar",
      "file": {
        "url": "https://cdn.modrinth.com/data/mOgUt4GM/versions/lMqXEzUw/modmenu-6.3.1.jar",
        "sha512": "396a22fb6c23483bea40b17e21185bcc56c77a736f52e5cda9b3ac799e4e0aac78e396476162f9166fcb56203be1d1071de04971a9b4feb8f4f6ea6103125f0d"
      }
    },
    {
      "filename": "LuckPerms-Fabric-5.4.66.jar",
      "file": {
        "url": "https://cdn.modrinth.com/data/Vebnzrzj/versions/Ws97yOyp/LuckPerms-Fabric-5.4.66.jar",
        "sha512": "56f83af8208eaa0073faae0f8209e175ff74f50fa79a42459a055955e3a772188bf46e46b50e2bbc2f08b778e627254393c361600eb6f73694e6bd0484392cd4"
      }
    },
    {
      "filename": "essential_commands-0.34.0-mc1.19.4.jar",
      "file": {
        "url": "https://cdn.modrinth.com/data/6VdDUivB/versions/AdbpNbro/essential_commands-0.34.0-mc1.19.4.jar",
        "sha512": "f6ecf797f4234bc3d4a19f8351345eb732718f124e630eb4832bbde5edf8920492db1912e692310a80422c212d4fbcf6938319d832ec3dd8e46d4e537027440e"
      }
    },
    {
      "filename": "wthit-fabric-7.6.0.jar",
      "file": {
        "url": "https://cdn.modrinth.com/data/6AQIaxuO/versions/2D6Mfeei/wthit-fabric-7.6.0.jar",
        "sha512": "e286143909a65b9266407e369e9e4b98659de98bbcaadae9f4adf00583e73bdd5c06d21a546e56c6eeee9fd7ec6262ff36e3bb4a01e16b6c01d8334dcb6a65f3"
      }
    },
    {
      "filename": "badpackets-fabric-0.4.3.jar",
      "file": {
        "url": "https://cdn.modrinth.com/data/ftdbN0KK/versions/JjLWLyDz/badpackets-fabric-0.4.3.jar",
        "sha512": "2375bf680a6bc716808735e4258408212609480c1088c6249c8a6dbb450429e81de02891a4b412fcafe588d3b521e68f33918b8f99bb425e7dc79f212c924b9c"
      }
    },
    {
      "filename": "InventorySorter-1.8.10-1.19.4.jar",
      "file": {
        "url": "https://cdn.modrinth.com/data/5ibSyLAz/versions/c28ouOKs/InventorySorter-1.8.10-1.19.4.jar",
        "sha512": "0ca16acf5f69e46be6723fbf6dbb8eae27357816a5fbb181a5170f8612756dad675b664a1f317e32e38c0dc1c1ae40520ba2650c1ba7de46c8b61fb62066ec09"
      }
    },
    {
      "filename": "fabric-language-kotlin-1.10.17+kotlin.1.9.22.jar",
      "file": {
        "url": "https://cdn.modrinth.com/data/Ha28R6CL/versions/JjrWZ7m8/fabric-language-kotlin-1.10.17%2Bkotlin.1.9.22.jar",
        "sha512": "764a95b0c0c9020adf44e378afff6ca2b241f5e44e8e4fc05ad7878a6d242208b48ffb523be12d82d63b2fbd706cc82468645e947a0d52229b44f50191b1b533"
      }
    },
    {
      "filename": "healthcare-1.3.0.jar",
      "file": {
        "url": "https://cdn.modrinth.com/data/NNqujQWr/versions/1JhOVcgL/healthcare-1.3.0.jar",
        "sha512": "12d917f2da8c8bee24cefc1f7710f91997a62bdd777acee64915a381b4b8b02fd5cc1b991ed63df4c72d910c242e378446b8e78514903f5904c54247e223b44a"
      }
    },
    {
      "filename": "RoughlyEnoughItems-11.0.683-fabric.jar",
      "file": {
        "url": "https://cdn.modrinth.com/data/nfn13YXA/versions/pTJ0NZAo/RoughlyEnoughItems-11.0.683-fabric.jar",
        "sha512": "fc77c1ab5aca8c29d3e8a9b853bc509198c90d0cdb3ea311d782be5cdf2691b09ae8631dc9b3899c737c87eb465d4cb6b59da319b97f586509186560fe478221"
      }
    },
    {
      "filename": "cloth-config-10.1.117-fabric.jar",
      "file": {
        "url": "https://cdn.modrinth.com/data/9s6osm5g/versions/4UgNKji6/cloth-config-10.1.117-fabric.jar",
        "sha512": "51d264722e843e6cc87f660edd8feb269b3b7821fdab7780cde4d1e8e8a8ea25a02e33324bc5dee2baa2ac27e4326ee492ed871d73c75495128d24e20901cebc"
      }
    },
    {
      "filename": "architectury-8.2.89-fabric.jar",
      "file": {
        "url": "https://cdn.modrinth.com/data/lhGA9TYQ/versions/6bcAfgt2/architectury-8.2.89-fabric.jar",
        "sha512": "a958997c054c66131e8e68b8b073780c8565780ddaae2b6cb883fbddbe1aa704f8537ccd229ebf39aee126d9248ccff8ac4c636fe9fc74335d5223005901cfda"
      }
    },
    {
      "filename": "Chunky-1.3.74.jar",
      "file": {
        "url": "https://cdn.modrinth.com/data/fALzjamp/versions/MpJo7JH4/Chunky-1.3.74.jar",
        "sha512": "860781d45c31048a8197fca71c66f6d38d6520a5a5eb499aa66d4a5dd8f3d496aeb338016421dde3b567a11e9d6a44340aa28c2dcb4d5f53e0dbbeffd0dbb94e"
      }
    },
    {
      "filename": "unifiedmetrics-platform-fabric-0.3.8.jar",
      "file": {
        "url": "https://cdn.modrinth.com/data/p1ewR5kV/versions/xwRVtqbA/unifiedmetrics-platform-fabric-0.3.8.jar",
        "sha512": "c26733c7bccf5cbb4fb8e919da19af2367240031acea75945c15ee83fca27e784372cebe0fa84e2ecb9b1c842d7be7979463d2cd805860df929daf3c888f107b"
      }
    },
    {
      "filename": "Dynmap-3.7-beta-4-fabric-1.19.4.jar",
      "file": {
        "url": "https://edge.forgecdn.net/files/4979/53/Dynmap-3.7-beta-4-fabric-1.19.4.jar",
        "sha1": "e057ea34d825b955dcc09e909b81e3c783bed09f"
      }
    },
    {
      "filename": "Xaeros_Minimap_23.9.3_Fabric_1.19.4.jar",
      "file": {
        "url": "https://edge.forgecdn.net/files/4933/801/Xaeros_Minimap_23.9.3_Fabric_1.19.4.jar",
        "sha1": "05464638c99e2102300c74483cf4c980e59bb5a8"
      }
    },
    {
      "filename": "XaerosWorldMap_1.37.2_Fabric_1.19.4.jar",
      "file": {
        "url": "https://edge.forgecdn.net/files/4929/770/XaerosWorldMap_1.37.2_Fabric_1.19.4.jar",
        "sha1": "706e9b98c42ebfd737ada9feee377d3730cb8c48"
      }
    },
    {
      "filename": "worldedit-mod-7.2.14.jar",
      "file": {
        "url": "https://edge.forgecdn.net/files/4445/118/worldedit-mod-7.2.14.jar",
        "sha1": "86290086a4f0d77e839d4003f13b01785afe7a4b"
      }
    },
    {
      "filename": "Clumps-fabric-1.19.4-10.0.0.4.jar",
      "file": {
        "url": "https://edge.forgecdn.net/files/4614/556/Clumps-fabric-1.19.4-10.0.0.4.jar",
        "sha1": "a6611fe0491733b13c3ac8bdad5bd739abb4c73e"
      }
    }
  ]
}